// !$*UTF8*$!
{
	archiveVersion = 1;
	classes = {
	};
	objectVersion = 46;
	objects = {

/* Begin PBXBuildFile section */
		092CF7271B3C64D000DBEC34 /* AppDelegate.swift in Sources */ = {isa = PBXBuildFile; fileRef = 092CF7261B3C64D000DBEC34 /* AppDelegate.swift */; };
		092CF7291B3C64D000DBEC34 /* ViewController.swift in Sources */ = {isa = PBXBuildFile; fileRef = 092CF7281B3C64D000DBEC34 /* ViewController.swift */; };
		092CF72E1B3C64D000DBEC34 /* Images.xcassets in Resources */ = {isa = PBXBuildFile; fileRef = 092CF72D1B3C64D000DBEC34 /* Images.xcassets */; };
		092CF7311B3C64D000DBEC34 /* LaunchScreen.xib in Resources */ = {isa = PBXBuildFile; fileRef = 092CF72F1B3C64D000DBEC34 /* LaunchScreen.xib */; };
		092CF73D1B3C64D000DBEC34 /* PubChatTests.swift in Sources */ = {isa = PBXBuildFile; fileRef = 092CF73C1B3C64D000DBEC34 /* PubChatTests.swift */; };
		092CF74A1B3CABFB00DBEC34 /* TableViewCell.swift in Sources */ = {isa = PBXBuildFile; fileRef = 092CF7491B3CABFB00DBEC34 /* TableViewCell.swift */; };
		093295EC1B571CB3009B8A17 /* hereNowView.swift in Sources */ = {isa = PBXBuildFile; fileRef = 093295EB1B571CB3009B8A17 /* hereNowView.swift */; };
		098567B71B3DC89D00E00B9F /* MenuTableViewController.swift in Sources */ = {isa = PBXBuildFile; fileRef = 098567B61B3DC89D00E00B9F /* MenuTableViewController.swift */; };
		098567B91B3DC94300E00B9F /* MenuTableViewCell.swift in Sources */ = {isa = PBXBuildFile; fileRef = 098567B81B3DC94300E00B9F /* MenuTableViewCell.swift */; };
		098567BB1B3DCCCF00E00B9F /* MenuTransitionManager.swift in Sources */ = {isa = PBXBuildFile; fileRef = 098567BA1B3DCCCF00E00B9F /* MenuTransitionManager.swift */; };
		09D89EBE1B3E0B6B006D7B4A /* Main.storyboard in Resources */ = {isa = PBXBuildFile; fileRef = 09D89EBD1B3E0B6B006D7B4A /* Main.storyboard */; };
		50EABCA076FC4577445F0441 /* libPods-PubChat.a in Frameworks */ = {isa = PBXBuildFile; fileRef = A6BC261C3A8D8AE48FD440F3 /* libPods-PubChat.a */; };
/* End PBXBuildFile section */

/* Begin PBXContainerItemProxy section */
		092CF7371B3C64D000DBEC34 /* PBXContainerItemProxy */ = {
			isa = PBXContainerItemProxy;
			containerPortal = 092CF7191B3C64D000DBEC34 /* Project object */;
			proxyType = 1;
			remoteGlobalIDString = 092CF7201B3C64D000DBEC34;
			remoteInfo = PubChat;
		};
/* End PBXContainerItemProxy section */

/* Begin PBXFileReference section */
		02F4221E9A90A8E4D79B0E6B /* Pods-PubChat.debug.xcconfig */ = {isa = PBXFileReference; includeInIndex = 1; lastKnownFileType = text.xcconfig; name = "Pods-PubChat.debug.xcconfig"; path = "Pods/Target Support Files/Pods-PubChat/Pods-PubChat.debug.xcconfig"; sourceTree = "<group>"; };
		092CF7211B3C64D000DBEC34 /* PubChat.app */ = {isa = PBXFileReference; explicitFileType = wrapper.application; includeInIndex = 0; path = PubChat.app; sourceTree = BUILT_PRODUCTS_DIR; };
		092CF7251B3C64D000DBEC34 /* Info.plist */ = {isa = PBXFileReference; lastKnownFileType = text.plist.xml; path = Info.plist; sourceTree = "<group>"; };
		092CF7261B3C64D000DBEC34 /* AppDelegate.swift */ = {isa = PBXFileReference; lastKnownFileType = sourcecode.swift; path = AppDelegate.swift; sourceTree = "<group>"; };
		092CF7281B3C64D000DBEC34 /* ViewController.swift */ = {isa = PBXFileReference; lastKnownFileType = sourcecode.swift; path = ViewController.swift; sourceTree = "<group>"; };
		092CF72D1B3C64D000DBEC34 /* Images.xcassets */ = {isa = PBXFileReference; lastKnownFileType = folder.assetcatalog; path = Images.xcassets; sourceTree = "<group>"; };
		092CF7301B3C64D000DBEC34 /* Base */ = {isa = PBXFileReference; lastKnownFileType = file.xib; name = Base; path = Base.lproj/LaunchScreen.xib; sourceTree = "<group>"; };
		092CF7361B3C64D000DBEC34 /* PubChatTests.xctest */ = {isa = PBXFileReference; explicitFileType = wrapper.cfbundle; includeInIndex = 0; path = PubChatTests.xctest; sourceTree = BUILT_PRODUCTS_DIR; };
		092CF73B1B3C64D000DBEC34 /* Info.plist */ = {isa = PBXFileReference; lastKnownFileType = text.plist.xml; path = Info.plist; sourceTree = "<group>"; };
		092CF73C1B3C64D000DBEC34 /* PubChatTests.swift */ = {isa = PBXFileReference; lastKnownFileType = sourcecode.swift; path = PubChatTests.swift; sourceTree = "<group>"; };
		092CF7461B3C661200DBEC34 /* PubChat-Bridging-Header.h */ = {isa = PBXFileReference; lastKnownFileType = sourcecode.c.h; path = "PubChat-Bridging-Header.h"; sourceTree = "<group>"; };
		092CF7491B3CABFB00DBEC34 /* TableViewCell.swift */ = {isa = PBXFileReference; fileEncoding = 4; lastKnownFileType = sourcecode.swift; path = TableViewCell.swift; sourceTree = "<group>"; };
		093295EB1B571CB3009B8A17 /* hereNowView.swift */ = {isa = PBXFileReference; fileEncoding = 4; lastKnownFileType = sourcecode.swift; path = hereNowView.swift; sourceTree = "<group>"; };
		09690D4B1B4C7FD60084C5A3 /* libz.dylib */ = {isa = PBXFileReference; lastKnownFileType = "compiled.mach-o.dylib"; name = libz.dylib; path = usr/lib/libz.dylib; sourceTree = SDKROOT; };
		098567B61B3DC89D00E00B9F /* MenuTableViewController.swift */ = {isa = PBXFileReference; fileEncoding = 4; lastKnownFileType = sourcecode.swift; path = MenuTableViewController.swift; sourceTree = "<group>"; };
		098567B81B3DC94300E00B9F /* MenuTableViewCell.swift */ = {isa = PBXFileReference; fileEncoding = 4; lastKnownFileType = sourcecode.swift; path = MenuTableViewCell.swift; sourceTree = "<group>"; };
		098567BA1B3DCCCF00E00B9F /* MenuTransitionManager.swift */ = {isa = PBXFileReference; fileEncoding = 4; lastKnownFileType = sourcecode.swift; path = MenuTransitionManager.swift; sourceTree = "<group>"; };
		09D89EBD1B3E0B6B006D7B4A /* Main.storyboard */ = {isa = PBXFileReference; fileEncoding = 4; lastKnownFileType = file.storyboard; path = Main.storyboard; sourceTree = "<group>"; };
		7D61F5E629F0807D63D02C14 /* Pods-PubChat.release.xcconfig */ = {isa = PBXFileReference; includeInIndex = 1; lastKnownFileType = text.xcconfig; name = "Pods-PubChat.release.xcconfig"; path = "Pods/Target Support Files/Pods-PubChat/Pods-PubChat.release.xcconfig"; sourceTree = "<group>"; };
		A6BC261C3A8D8AE48FD440F3 /* libPods-PubChat.a */ = {isa = PBXFileReference; explicitFileType = archive.ar; includeInIndex = 0; path = "libPods-PubChat.a"; sourceTree = BUILT_PRODUCTS_DIR; };
/* End PBXFileReference section */

/* Begin PBXFrameworksBuildPhase section */
		092CF71E1B3C64D000DBEC34 /* Frameworks */ = {
			isa = PBXFrameworksBuildPhase;
			buildActionMask = 2147483647;
			files = (
				50EABCA076FC4577445F0441 /* libPods-PubChat.a in Frameworks */,
			);
			runOnlyForDeploymentPostprocessing = 0;
		};
		092CF7331B3C64D000DBEC34 /* Frameworks */ = {
			isa = PBXFrameworksBuildPhase;
			buildActionMask = 2147483647;
			files = (
			);
			runOnlyForDeploymentPostprocessing = 0;
		};
/* End PBXFrameworksBuildPhase section */

/* Begin PBXGroup section */
		092CF7181B3C64D000DBEC34 = {
			isa = PBXGroup;
			children = (
				092CF7231B3C64D000DBEC34 /* PubChat */,
				092CF7391B3C64D000DBEC34 /* PubChatTests */,
				092CF7221B3C64D000DBEC34 /* Products */,
				5D8BB033164414C0A6639230 /* Pods */,
				446D6D56AE2254683A2DA1BA /* Frameworks */,
			);
			sourceTree = "<group>";
		};
		092CF7221B3C64D000DBEC34 /* Products */ = {
			isa = PBXGroup;
			children = (
				092CF7211B3C64D000DBEC34 /* PubChat.app */,
				092CF7361B3C64D000DBEC34 /* PubChatTests.xctest */,
			);
			name = Products;
			sourceTree = "<group>";
		};
		092CF7231B3C64D000DBEC34 /* PubChat */ = {
			isa = PBXGroup;
			children = (
				092CF7261B3C64D000DBEC34 /* AppDelegate.swift */,
				092CF7281B3C64D000DBEC34 /* ViewController.swift */,
				093295EB1B571CB3009B8A17 /* hereNowView.swift */,
				092CF7491B3CABFB00DBEC34 /* TableViewCell.swift */,
				098567B61B3DC89D00E00B9F /* MenuTableViewController.swift */,
				098567BA1B3DCCCF00E00B9F /* MenuTransitionManager.swift */,
				098567B81B3DC94300E00B9F /* MenuTableViewCell.swift */,
				09D89EBD1B3E0B6B006D7B4A /* Main.storyboard */,
				092CF7461B3C661200DBEC34 /* PubChat-Bridging-Header.h */,
				092CF72D1B3C64D000DBEC34 /* Images.xcassets */,
				092CF72F1B3C64D000DBEC34 /* LaunchScreen.xib */,
				092CF7241B3C64D000DBEC34 /* Supporting Files */,
			);
			path = PubChat;
			sourceTree = "<group>";
		};
		092CF7241B3C64D000DBEC34 /* Supporting Files */ = {
			isa = PBXGroup;
			children = (
				092CF7251B3C64D000DBEC34 /* Info.plist */,
			);
			name = "Supporting Files";
			sourceTree = "<group>";
		};
		092CF7391B3C64D000DBEC34 /* PubChatTests */ = {
			isa = PBXGroup;
			children = (
				092CF73C1B3C64D000DBEC34 /* PubChatTests.swift */,
				092CF73A1B3C64D000DBEC34 /* Supporting Files */,
			);
			path = PubChatTests;
			sourceTree = "<group>";
		};
		092CF73A1B3C64D000DBEC34 /* Supporting Files */ = {
			isa = PBXGroup;
			children = (
				092CF73B1B3C64D000DBEC34 /* Info.plist */,
			);
			name = "Supporting Files";
			sourceTree = "<group>";
		};
		446D6D56AE2254683A2DA1BA /* Frameworks */ = {
			isa = PBXGroup;
			children = (
				09690D4B1B4C7FD60084C5A3 /* libz.dylib */,
				A6BC261C3A8D8AE48FD440F3 /* libPods-PubChat.a */,
			);
			name = Frameworks;
			sourceTree = "<group>";
		};
		5D8BB033164414C0A6639230 /* Pods */ = {
			isa = PBXGroup;
			children = (
				02F4221E9A90A8E4D79B0E6B /* Pods-PubChat.debug.xcconfig */,
				7D61F5E629F0807D63D02C14 /* Pods-PubChat.release.xcconfig */,
			);
			name = Pods;
			sourceTree = "<group>";
		};
/* End PBXGroup section */

/* Begin PBXNativeTarget section */
		092CF7201B3C64D000DBEC34 /* PubChat */ = {
			isa = PBXNativeTarget;
			buildConfigurationList = 092CF7401B3C64D000DBEC34 /* Build configuration list for PBXNativeTarget "PubChat" */;
			buildPhases = (
				DE63DFACB2ECC24191F1C10B /* Check Pods Manifest.lock */,
				092CF71D1B3C64D000DBEC34 /* Sources */,
				092CF71E1B3C64D000DBEC34 /* Frameworks */,
				092CF71F1B3C64D000DBEC34 /* Resources */,
				0461C6D12E9DA35A6C4F1D93 /* Copy Pods Resources */,
			);
			buildRules = (
			);
			dependencies = (
			);
			name = PubChat;
			productName = PubChat;
			productReference = 092CF7211B3C64D000DBEC34 /* PubChat.app */;
			productType = "com.apple.product-type.application";
		};
		092CF7351B3C64D000DBEC34 /* PubChatTests */ = {
			isa = PBXNativeTarget;
			buildConfigurationList = 092CF7431B3C64D000DBEC34 /* Build configuration list for PBXNativeTarget "PubChatTests" */;
			buildPhases = (
				092CF7321B3C64D000DBEC34 /* Sources */,
				092CF7331B3C64D000DBEC34 /* Frameworks */,
				092CF7341B3C64D000DBEC34 /* Resources */,
			);
			buildRules = (
			);
			dependencies = (
				092CF7381B3C64D000DBEC34 /* PBXTargetDependency */,
			);
			name = PubChatTests;
			productName = PubChatTests;
			productReference = 092CF7361B3C64D000DBEC34 /* PubChatTests.xctest */;
			productType = "com.apple.product-type.bundle.unit-test";
		};
/* End PBXNativeTarget section */

/* Begin PBXProject section */
		092CF7191B3C64D000DBEC34 /* Project object */ = {
			isa = PBXProject;
			attributes = {
				LastUpgradeCheck = 0630;
				ORGANIZATIONNAME = ioJP;
				TargetAttributes = {
					092CF7201B3C64D000DBEC34 = {
						CreatedOnToolsVersion = 6.3.2;
						DevelopmentTeam = Y9X42V6EK7;
						SystemCapabilities = {
							com.apple.BackgroundModes = {
								enabled = 1;
							};
						};
					};
					092CF7351B3C64D000DBEC34 = {
						CreatedOnToolsVersion = 6.3.2;
						DevelopmentTeam = Y9X42V6EK7;
						TestTargetID = 092CF7201B3C64D000DBEC34;
					};
				};
			};
			buildConfigurationList = 092CF71C1B3C64D000DBEC34 /* Build configuration list for PBXProject "PubChat" */;
			compatibilityVersion = "Xcode 3.2";
			developmentRegion = English;
			hasScannedForEncodings = 0;
			knownRegions = (
				en,
				Base,
			);
			mainGroup = 092CF7181B3C64D000DBEC34;
			productRefGroup = 092CF7221B3C64D000DBEC34 /* Products */;
			projectDirPath = "";
			projectRoot = "";
			targets = (
				092CF7201B3C64D000DBEC34 /* PubChat */,
				092CF7351B3C64D000DBEC34 /* PubChatTests */,
			);
		};
/* End PBXProject section */

/* Begin PBXResourcesBuildPhase section */
		092CF71F1B3C64D000DBEC34 /* Resources */ = {
			isa = PBXResourcesBuildPhase;
			buildActionMask = 2147483647;
			files = (
				09D89EBE1B3E0B6B006D7B4A /* Main.storyboard in Resources */,
				092CF7311B3C64D000DBEC34 /* LaunchScreen.xib in Resources */,
				092CF72E1B3C64D000DBEC34 /* Images.xcassets in Resources */,
			);
			runOnlyForDeploymentPostprocessing = 0;
		};
		092CF7341B3C64D000DBEC34 /* Resources */ = {
			isa = PBXResourcesBuildPhase;
			buildActionMask = 2147483647;
			files = (
			);
			runOnlyForDeploymentPostprocessing = 0;
		};
/* End PBXResourcesBuildPhase section */

/* Begin PBXShellScriptBuildPhase section */
		0461C6D12E9DA35A6C4F1D93 /* Copy Pods Resources */ = {
			isa = PBXShellScriptBuildPhase;
			buildActionMask = 2147483647;
			files = (
			);
			inputPaths = (
			);
			name = "Copy Pods Resources";
			outputPaths = (
			);
			runOnlyForDeploymentPostprocessing = 0;
			shellPath = /bin/sh;
			shellScript = "\"${SRCROOT}/Pods/Target Support Files/Pods-PubChat/Pods-PubChat-resources.sh\"\n";
			showEnvVarsInLog = 0;
		};
		DE63DFACB2ECC24191F1C10B /* Check Pods Manifest.lock */ = {
			isa = PBXShellScriptBuildPhase;
			buildActionMask = 2147483647;
			files = (
			);
			inputPaths = (
			);
			name = "Check Pods Manifest.lock";
			outputPaths = (
			);
			runOnlyForDeploymentPostprocessing = 0;
			shellPath = /bin/sh;
			shellScript = "diff \"${PODS_ROOT}/../Podfile.lock\" \"${PODS_ROOT}/Manifest.lock\" > /dev/null\nif [[ $? != 0 ]] ; then\n    cat << EOM\nerror: The sandbox is not in sync with the Podfile.lock. Run 'pod install' or update your CocoaPods installation.\nEOM\n    exit 1\nfi\n";
			showEnvVarsInLog = 0;
		};
/* End PBXShellScriptBuildPhase section */

/* Begin PBXSourcesBuildPhase section */
		092CF71D1B3C64D000DBEC34 /* Sources */ = {
			isa = PBXSourcesBuildPhase;
			buildActionMask = 2147483647;
			files = (
				098567B71B3DC89D00E00B9F /* MenuTableViewController.swift in Sources */,
				098567BB1B3DCCCF00E00B9F /* MenuTransitionManager.swift in Sources */,
				092CF74A1B3CABFB00DBEC34 /* TableViewCell.swift in Sources */,
				092CF7291B3C64D000DBEC34 /* ViewController.swift in Sources */,
				093295EC1B571CB3009B8A17 /* hereNowView.swift in Sources */,
				092CF7271B3C64D000DBEC34 /* AppDelegate.swift in Sources */,
				098567B91B3DC94300E00B9F /* MenuTableViewCell.swift in Sources */,
			);
			runOnlyForDeploymentPostprocessing = 0;
		};
		092CF7321B3C64D000DBEC34 /* Sources */ = {
			isa = PBXSourcesBuildPhase;
			buildActionMask = 2147483647;
			files = (
				092CF73D1B3C64D000DBEC34 /* PubChatTests.swift in Sources */,
			);
			runOnlyForDeploymentPostprocessing = 0;
		};
/* End PBXSourcesBuildPhase section */

/* Begin PBXTargetDependency section */
		092CF7381B3C64D000DBEC34 /* PBXTargetDependency */ = {
			isa = PBXTargetDependency;
			target = 092CF7201B3C64D000DBEC34 /* PubChat */;
			targetProxy = 092CF7371B3C64D000DBEC34 /* PBXContainerItemProxy */;
		};
/* End PBXTargetDependency section */

/* Begin PBXVariantGroup section */
		092CF72F1B3C64D000DBEC34 /* LaunchScreen.xib */ = {
			isa = PBXVariantGroup;
			children = (
				092CF7301B3C64D000DBEC34 /* Base */,
			);
			name = LaunchScreen.xib;
			sourceTree = "<group>";
		};
/* End PBXVariantGroup section */

/* Begin XCBuildConfiguration section */
		092CF73E1B3C64D000DBEC34 /* Debug */ = {
			isa = XCBuildConfiguration;
			buildSettings = {
				ALWAYS_SEARCH_USER_PATHS = NO;
				CLANG_CXX_LANGUAGE_STANDARD = "gnu++0x";
				CLANG_CXX_LIBRARY = "libc++";
				CLANG_ENABLE_MODULES = YES;
				CLANG_ENABLE_OBJC_ARC = YES;
				CLANG_WARN_BOOL_CONVERSION = YES;
				CLANG_WARN_CONSTANT_CONVERSION = YES;
				CLANG_WARN_DIRECT_OBJC_ISA_USAGE = YES_ERROR;
				CLANG_WARN_EMPTY_BODY = YES;
				CLANG_WARN_ENUM_CONVERSION = YES;
				CLANG_WARN_INT_CONVERSION = YES;
				CLANG_WARN_OBJC_ROOT_CLASS = YES_ERROR;
				CLANG_WARN_UNREACHABLE_CODE = YES;
				CLANG_WARN__DUPLICATE_METHOD_MATCH = YES;
				CODE_SIGN_IDENTITY = "iPhone Developer: Stephen Blum (4G3RZ3V94T)";
				"CODE_SIGN_IDENTITY[sdk=iphoneos*]" = "iPhone Developer: Stephen Blum (4G3RZ3V94T)";
				COPY_PHASE_STRIP = NO;
				DEBUG_INFORMATION_FORMAT = "dwarf-with-dsym";
				ENABLE_STRICT_OBJC_MSGSEND = YES;
				GCC_C_LANGUAGE_STANDARD = gnu99;
				GCC_DYNAMIC_NO_PIC = NO;
				GCC_NO_COMMON_BLOCKS = YES;
				GCC_OPTIMIZATION_LEVEL = 0;
				GCC_PREPROCESSOR_DEFINITIONS = (
					"DEBUG=1",
					"$(inherited)",
				);
				GCC_SYMBOLS_PRIVATE_EXTERN = NO;
				GCC_WARN_64_TO_32_BIT_CONVERSION = YES;
				GCC_WARN_ABOUT_RETURN_TYPE = YES_ERROR;
				GCC_WARN_UNDECLARED_SELECTOR = YES;
				GCC_WARN_UNINITIALIZED_AUTOS = YES_AGGRESSIVE;
				GCC_WARN_UNUSED_FUNCTION = YES;
				GCC_WARN_UNUSED_VARIABLE = YES;
				IPHONEOS_DEPLOYMENT_TARGET = 8.3;
				MTL_ENABLE_DEBUG_INFO = YES;
				ONLY_ACTIVE_ARCH = YES;
				PROVISIONING_PROFILE = "87a55e95-54cf-4263-9edc-3358808bb4e1";
				SDKROOT = iphoneos;
				SWIFT_OPTIMIZATION_LEVEL = "-Onone";
			};
			name = Debug;
		};
		092CF73F1B3C64D000DBEC34 /* Release */ = {
			isa = XCBuildConfiguration;
			buildSettings = {
				ALWAYS_SEARCH_USER_PATHS = NO;
				CLANG_CXX_LANGUAGE_STANDARD = "gnu++0x";
				CLANG_CXX_LIBRARY = "libc++";
				CLANG_ENABLE_MODULES = YES;
				CLANG_ENABLE_OBJC_ARC = YES;
				CLANG_WARN_BOOL_CONVERSION = YES;
				CLANG_WARN_CONSTANT_CONVERSION = YES;
				CLANG_WARN_DIRECT_OBJC_ISA_USAGE = YES_ERROR;
				CLANG_WARN_EMPTY_BODY = YES;
				CLANG_WARN_ENUM_CONVERSION = YES;
				CLANG_WARN_INT_CONVERSION = YES;
				CLANG_WARN_OBJC_ROOT_CLASS = YES_ERROR;
				CLANG_WARN_UNREACHABLE_CODE = YES;
				CLANG_WARN__DUPLICATE_METHOD_MATCH = YES;
				CODE_SIGN_IDENTITY = "iPhone Developer: Stephen Blum (4G3RZ3V94T)";
				"CODE_SIGN_IDENTITY[sdk=iphoneos*]" = "iPhone Developer: Stephen Blum (4G3RZ3V94T)";
				COPY_PHASE_STRIP = NO;
				DEBUG_INFORMATION_FORMAT = "dwarf-with-dsym";
				ENABLE_NS_ASSERTIONS = NO;
				ENABLE_STRICT_OBJC_MSGSEND = YES;
				GCC_C_LANGUAGE_STANDARD = gnu99;
				GCC_NO_COMMON_BLOCKS = YES;
				GCC_WARN_64_TO_32_BIT_CONVERSION = YES;
				GCC_WARN_ABOUT_RETURN_TYPE = YES_ERROR;
				GCC_WARN_UNDECLARED_SELECTOR = YES;
				GCC_WARN_UNINITIALIZED_AUTOS = YES_AGGRESSIVE;
				GCC_WARN_UNUSED_FUNCTION = YES;
				GCC_WARN_UNUSED_VARIABLE = YES;
				IPHONEOS_DEPLOYMENT_TARGET = 8.3;
				MTL_ENABLE_DEBUG_INFO = NO;
				PROVISIONING_PROFILE = "87a55e95-54cf-4263-9edc-3358808bb4e1";
				SDKROOT = iphoneos;
				VALIDATE_PRODUCT = YES;
			};
			name = Release;
		};
		092CF7411B3C64D000DBEC34 /* Debug */ = {
			isa = XCBuildConfiguration;
			baseConfigurationReference = 02F4221E9A90A8E4D79B0E6B /* Pods-PubChat.debug.xcconfig */;
			buildSettings = {
				ASSETCATALOG_COMPILER_APPICON_NAME = AppIcon;
				CLANG_ENABLE_MODULES = YES;
				CODE_SIGN_IDENTITY = "iPhone Developer: Stephen Blum (4G3RZ3V94T)";
				INFOPLIST_FILE = PubChat/Info.plist;
				LD_RUNPATH_SEARCH_PATHS = "$(inherited) @executable_path/Frameworks";
				PRODUCT_NAME = "$(TARGET_NAME)";
				PROVISIONING_PROFILE = "87a55e95-54cf-4263-9edc-3358808bb4e1";
				SWIFT_OBJC_BRIDGING_HEADER = "PubChat/PubChat-Bridging-Header.h";
				SWIFT_OPTIMIZATION_LEVEL = "-Onone";
			};
			name = Debug;
		};
		092CF7421B3C64D000DBEC34 /* Release */ = {
			isa = XCBuildConfiguration;
			baseConfigurationReference = 7D61F5E629F0807D63D02C14 /* Pods-PubChat.release.xcconfig */;
			buildSettings = {
				ASSETCATALOG_COMPILER_APPICON_NAME = AppIcon;
				CLANG_ENABLE_MODULES = YES;
				CODE_SIGN_IDENTITY = "iPhone Developer: Stephen Blum (4G3RZ3V94T)";
				INFOPLIST_FILE = PubChat/Info.plist;
				LD_RUNPATH_SEARCH_PATHS = "$(inherited) @executable_path/Frameworks";
				PRODUCT_NAME = "$(TARGET_NAME)";
				PROVISIONING_PROFILE = "87a55e95-54cf-4263-9edc-3358808bb4e1";
				SWIFT_OBJC_BRIDGING_HEADER = "PubChat/PubChat-Bridging-Header.h";
			};
			name = Release;
		};
		092CF7441B3C64D000DBEC34 /* Debug */ = {
			isa = XCBuildConfiguration;
			buildSettings = {
				BUNDLE_LOADER = "$(TEST_HOST)";
				CODE_SIGN_IDENTITY = "iPhone Developer";
				"CODE_SIGN_IDENTITY[sdk=iphoneos*]" = "iPhone Developer";
				FRAMEWORK_SEARCH_PATHS = (
					"$(SDKROOT)/Developer/Library/Frameworks",
					"$(inherited)",
				);
				GCC_PREPROCESSOR_DEFINITIONS = (
					"DEBUG=1",
					"$(inherited)",
				);
				INFOPLIST_FILE = PubChatTests/Info.plist;
				LD_RUNPATH_SEARCH_PATHS = "$(inherited) @executable_path/Frameworks @loader_path/Frameworks";
				PRODUCT_NAME = "$(TARGET_NAME)";
				PROVISIONING_PROFILE = "";
				TEST_HOST = "$(BUILT_PRODUCTS_DIR)/PubChat.app/PubChat";
			};
			name = Debug;
		};
		092CF7451B3C64D000DBEC34 /* Release */ = {
			isa = XCBuildConfiguration;
			buildSettings = {
				BUNDLE_LOADER = "$(TEST_HOST)";
				CODE_SIGN_IDENTITY = "iPhone Developer";
				"CODE_SIGN_IDENTITY[sdk=iphoneos*]" = "iPhone Developer";
				FRAMEWORK_SEARCH_PATHS = (
					"$(SDKROOT)/Developer/Library/Frameworks",
					"$(inherited)",
				);
				INFOPLIST_FILE = PubChatTests/Info.plist;
				LD_RUNPATH_SEARCH_PATHS = "$(inherited) @executable_path/Frameworks @loader_path/Frameworks";
				PRODUCT_NAME = "$(TARGET_NAME)";
				PROVISIONING_PROFILE = "";
				TEST_HOST = "$(BUILT_PRODUCTS_DIR)/PubChat.app/PubChat";
			};
			name = Release;
		};
/* End XCBuildConfiguration section */

/* Begin XCConfigurationList section */
		092CF71C1B3C64D000DBEC34 /* Build configuration list for PBXProject "PubChat" */ = {
			isa = XCConfigurationList;
			buildConfigurations = (
				092CF73E1B3C64D000DBEC34 /* Debug */,
				092CF73F1B3C64D000DBEC34 /* Release */,
			);
			defaultConfigurationIsVisible = 0;
			defaultConfigurationName = Release;
		};
		092CF7401B3C64D000DBEC34 /* Build configuration list for PBXNativeTarget "PubChat" */ = {
			isa = XCConfigurationList;
			buildConfigurations = (
				092CF7411B3C64D000DBEC34 /* Debug */,
				092CF7421B3C64D000DBEC34 /* Release */,
			);
			defaultConfigurationIsVisible = 0;
			defaultConfigurationName = Release;
		};
		092CF7431B3C64D000DBEC34 /* Build configuration list for PBXNativeTarget "PubChatTests" */ = {
			isa = XCConfigurationList;
			buildConfigurations = (
				092CF7441B3C64D000DBEC34 /* Debug */,
				092CF7451B3C64D000DBEC34 /* Release */,
			);
			defaultConfigurationIsVisible = 0;
			defaultConfigurationName = Release;
		};
/* End XCConfigurationList section */
	};
	rootObject = 092CF7191B3C64D000DBEC34 /* Project object */;
}
